
Microsoft Visual Studio Solution File, Format Version 12.00
# Visual Studio Version 16
VisualStudioVersion = 16.0.29215.179
MinimumVisualStudioVersion = 10.0.40219.1
Project("{9A19103F-16F7-4668-BE54-9A1E7A4F7556}") = "Batch", "Equisoft.Test.RockPaperScissors\Batch.csproj", "{4BCBACD7-7014-4AFE-9C97-14B4CAF2911E}"
EndProject
Project("{9A19103F-16F7-4668-BE54-9A1E7A4F7556}") = "Implementation", "Implementation\Implementation.csproj", "{D8FBF7A2-666C-45AA-90B2-4228644B9C8F}"
EndProject
Project("{FAE04EC0-301F-11D3-BF4B-00C04F79EFBC}") = "Implementation.Test", "Implementation.Test\Implementation.Test.csproj", "{CA0E30AF-A777-49D6-AA56-09479C5E3A75}"
EndProject
Global
	GlobalSection(SolutionConfigurationPlatforms) = preSolution
		Debug|Any CPU = Debug|Any CPU
		Release|Any CPU = Release|Any CPU
	EndGlobalSection
	GlobalSection(ProjectConfigurationPlatforms) = postSolution
		{4BCBACD7-7014-4AFE-9C97-14B4CAF2911E}.Debug|Any CPU.ActiveCfg = Debug|Any CPU
		{4BCBACD7-7014-4AFE-9C97-14B4CAF2911E}.Debug|Any CPU.Build.0 = Debug|Any CPU
		{4BCBACD7-7014-4AFE-9C97-14B4CAF2911E}.Release|Any CPU.ActiveCfg = Release|Any CPU
		{4BCBACD7-7014-4AFE-9C97-14B4CAF2911E}.Release|Any CPU.Build.0 = Release|Any CPU
		{D8FBF7A2-666C-45AA-90B2-4228644B9C8F}.Debug|Any CPU.ActiveCfg = Debug|Any CPU
		{D8FBF7A2-666C-45AA-90B2-4228644B9C8F}.Debug|Any CPU.Build.0 = Debug|Any CPU
		{D8FBF7A2-666C-45AA-90B2-4228644B9C8F}.Release|Any CPU.ActiveCfg = Release|Any CPU
		{D8FBF7A2-666C-45AA-90B2-4228644B9C8F}.Release|Any CPU.Build.0 = Release|Any CPU
		{CA0E30AF-A777-49D6-AA56-09479C5E3A75}.Debug|Any CPU.ActiveCfg = Debug|Any CPU
		{CA0E30AF-A777-49D6-AA56-09479C5E3A75}.Debug|Any CPU.Build.0 = Debug|Any CPU
		{CA0E30AF-A777-49D6-AA56-09479C5E3A75}.Release|Any CPU.ActiveCfg = Release|Any CPU
		{CA0E30AF-A777-49D6-AA56-09479C5E3A75}.Release|Any CPU.Build.0 = Release|Any CPU
	EndGlobalSection
	GlobalSection(SolutionProperties) = preSolution
		HideSolutionNode = FALSE
	EndGlobalSection
	GlobalSection(ExtensibilityGlobals) = postSolution
		SolutionGuid = {D9D495A8-B99E-4DB2-94A8-9B653A7009F6}
	EndGlobalSection
EndGlobal
